// !$*UTF8*$!
{
	archiveVersion = 1;
	classes = {
	};
	objectVersion = 77;
	objects = {

/* Begin PBXBuildFile section */
		2E8913FE2E5FC70D00286108 /* StockDetailView.swift in Sources */ = {isa = PBXBuildFile; fileRef = 2E8913F32E5FC70D00286108 /* StockDetailView.swift */; };
		2E8913FF2E5FC70D00286108 /* StockListView.swift in Sources */ = {isa = PBXBuildFile; fileRef = 2E8913F42E5FC70D00286108 /* StockListView.swift */; };
		2E8914002E5FC70D00286108 /* StockRowView.swift in Sources */ = {isa = PBXBuildFile; fileRef = 2E8913F52E5FC70D00286108 /* StockRowView.swift */; };
		2E8914012E5FC70D00286108 /* BondStockApp.swift in Sources */ = {isa = PBXBuildFile; fileRef = 2E8913F82E5FC70D00286108 /* BondStockApp.swift */; };
		2E8914022E5FC70D00286108 /* ContentView.swift in Sources */ = {isa = PBXBuildFile; fileRef = 2E8913F92E5FC70D00286108 /* ContentView.swift */; };
		2E8914032E5FC70D00286108 /* FakeStockAPI.swift in Sources */ = {isa = PBXBuildFile; fileRef = 2E8913FA2E5FC70D00286108 /* FakeStockAPI.swift */; };
		2E8914042E5FC70D00286108 /* Stock.swift in Sources */ = {isa = PBXBuildFile; fileRef = 2E8913FB2E5FC70D00286108 /* Stock.swift */; };
		2E8914052E5FC70D00286108 /* AppViewModel.swift in Sources */ = {isa = PBXBuildFile; fileRef = 2E8913FC2E5FC70D00286108 /* AppViewModel.swift */; };
		2E8914062E5FC70D00286108 /* Preview Assets.xcassets in Resources */ = {isa = PBXBuildFile; fileRef = 2E8913F12E5FC70D00286108 /* Preview Assets.xcassets */; };
		2E8914072E5FC70D00286108 /* Assets.xcassets in Resources */ = {isa = PBXBuildFile; fileRef = 2E8913F72E5FC70D00286108 /* Assets.xcassets */; };
		2E8914092E5FDE6800286108 /* TopTabBarView.swift in Sources */ = {isa = PBXBuildFile; fileRef = 2E8914082E5FDE6800286108 /* TopTabBarView.swift */; };
		2E89140B2E5FEA1700286108 /* TickerInputView.swift in Sources */ = {isa = PBXBuildFile; fileRef = 2E89140A2E5FEA1700286108 /* TickerInputView.swift */; };
		2E89142C2E60057000286108 /* Extensions.swift in Sources */ = {isa = PBXBuildFile; fileRef = 2E89142B2E60057000286108 /* Extensions.swift */; };
/* End PBXBuildFile section */

/* Begin PBXFileReference section */
		2E8913D32E5FB38100286108 /* BondStock.app */ = {isa = PBXFileReference; explicitFileType = wrapper.application; includeInIndex = 0; path = BondStock.app; sourceTree = BUILT_PRODUCTS_DIR; };
		2E8913F12E5FC70D00286108 /* Preview Assets.xcassets */ = {isa = PBXFileReference; lastKnownFileType = folder.assetcatalog; path = "Preview Assets.xcassets"; sourceTree = "<group>"; };
		2E8913F32E5FC70D00286108 /* StockDetailView.swift */ = {isa = PBXFileReference; lastKnownFileType = sourcecode.swift; path = StockDetailView.swift; sourceTree = "<group>"; };
		2E8913F42E5FC70D00286108 /* StockListView.swift */ = {isa = PBXFileReference; lastKnownFileType = sourcecode.swift; path = StockListView.swift; sourceTree = "<group>"; };
		2E8913F52E5FC70D00286108 /* StockRowView.swift */ = {isa = PBXFileReference; lastKnownFileType = sourcecode.swift; path = StockRowView.swift; sourceTree = "<group>"; };
		2E8913F72E5FC70D00286108 /* Assets.xcassets */ = {isa = PBXFileReference; lastKnownFileType = folder.assetcatalog; path = Assets.xcassets; sourceTree = "<group>"; };
		2E8913F82E5FC70D00286108 /* BondStockApp.swift */ = {isa = PBXFileReference; lastKnownFileType = sourcecode.swift; path = BondStockApp.swift; sourceTree = "<group>"; };
		2E8913F92E5FC70D00286108 /* ContentView.swift */ = {isa = PBXFileReference; lastKnownFileType = sourcecode.swift; path = ContentView.swift; sourceTree = "<group>"; };
		2E8913FA2E5FC70D00286108 /* FakeStockAPI.swift */ = {isa = PBXFileReference; lastKnownFileType = sourcecode.swift; path = FakeStockAPI.swift; sourceTree = "<group>"; };
		2E8913FB2E5FC70D00286108 /* Stock.swift */ = {isa = PBXFileReference; lastKnownFileType = sourcecode.swift; path = Stock.swift; sourceTree = "<group>"; };
		2E8913FC2E5FC70D00286108 /* AppViewModel.swift */ = {isa = PBXFileReference; lastKnownFileType = sourcecode.swift; path = AppViewModel.swift; sourceTree = "<group>"; };
		2E8914082E5FDE6800286108 /* TopTabBarView.swift */ = {isa = PBXFileReference; lastKnownFileType = sourcecode.swift; path = TopTabBarView.swift; sourceTree = "<group>"; };
		2E89140A2E5FEA1700286108 /* TickerInputView.swift */ = {isa = PBXFileReference; lastKnownFileType = sourcecode.swift; path = TickerInputView.swift; sourceTree = "<group>"; };
		2E89142B2E60057000286108 /* Extensions.swift */ = {isa = PBXFileReference; lastKnownFileType = sourcecode.swift; path = Extensions.swift; sourceTree = "<group>"; };
/* End PBXFileReference section */

/* Begin PBXFrameworksBuildPhase section */
		2E8913D02E5FB38100286108 /* Frameworks */ = {
			isa = PBXFrameworksBuildPhase;
			buildActionMask = 2147483647;
			files = (
			);
			runOnlyForDeploymentPostprocessing = 0;
		};
/* End PBXFrameworksBuildPhase section */

/* Begin PBXGroup section */
		2E8913CA2E5FB38100286108 = {
			isa = PBXGroup;
			children = (
				2E8913FD2E5FC70D00286108 /* BondStock */,
				2E8913D42E5FB38100286108 /* Products */,
			);
			sourceTree = "<group>";
		};
		2E8913D42E5FB38100286108 /* Products */ = {
			isa = PBXGroup;
			children = (
				2E8913D32E5FB38100286108 /* BondStock.app */,
			);
			name = Products;
			sourceTree = "<group>";
		};
		2E8913F22E5FC70D00286108 /* Preview Content */ = {
			isa = PBXGroup;
			children = (
				2E8913F12E5FC70D00286108 /* Preview Assets.xcassets */,
			);
			path = "Preview Content";
			sourceTree = "<group>";
		};
		2E8913F62E5FC70D00286108 /* Views */ = {
			isa = PBXGroup;
			children = (
				2E8914082E5FDE6800286108 /* TopTabBarView.swift */,
				2E8913F42E5FC70D00286108 /* StockListView.swift */,
				2E8913F52E5FC70D00286108 /* StockRowView.swift */,
				2E8913F32E5FC70D00286108 /* StockDetailView.swift */,
				2E89140A2E5FEA1700286108 /* TickerInputView.swift */,
			);
			path = Views;
			sourceTree = "<group>";
		};
		2E8913FD2E5FC70D00286108 /* BondStock */ = {
			isa = PBXGroup;
			children = (
				2E8913F22E5FC70D00286108 /* Preview Content */,
				2E8913F72E5FC70D00286108 /* Assets.xcassets */,
				2E89140C2E5FEA6800286108 /* App */,
				2E89140D2E5FEA8100286108 /* Models */,
				2E89140E2E5FEA9200286108 /* ViewModels */,
				2E89140F2E5FEAA200286108 /* Networking */,
				2E8913F62E5FC70D00286108 /* Views */,
				2E8914282E60053200286108 /* Utils */,
			);
			path = BondStock;
			sourceTree = "<group>";
		};
		2E89140C2E5FEA6800286108 /* App */ = {
			isa = PBXGroup;
			children = (
				2E8913F82E5FC70D00286108 /* BondStockApp.swift */,
				2E8913F92E5FC70D00286108 /* ContentView.swift */,
			);
			path = App;
			sourceTree = "<group>";
		};
		2E89140D2E5FEA8100286108 /* Models */ = {
			isa = PBXGroup;
			children = (
				2E8913FB2E5FC70D00286108 /* Stock.swift */,
			);
			path = Models;
			sourceTree = "<group>";
		};
		2E89140E2E5FEA9200286108 /* ViewModels */ = {
			isa = PBXGroup;
			children = (
				2E8913FC2E5FC70D00286108 /* AppViewModel.swift */,
			);
			path = ViewModels;
			sourceTree = "<group>";
		};
		2E89140F2E5FEAA200286108 /* Networking */ = {
			isa = PBXGroup;
			children = (
				2E8913FA2E5FC70D00286108 /* FakeStockAPI.swift */,
			);
			path = Networking;
			sourceTree = "<group>";
		};
		2E8914282E60053200286108 /* Utils */ = {
			isa = PBXGroup;
			children = (
				2E89142B2E60057000286108 /* Extensions.swift */,
			);
			path = Utils;
			sourceTree = "<group>";
		};
/* End PBXGroup section */

/* Begin PBXNativeTarget section */
		2E8913D22E5FB38100286108 /* BondStock */ = {
			isa = PBXNativeTarget;
			buildConfigurationList = 2E8913E12E5FB38200286108 /* Build configuration list for PBXNativeTarget "BondStock" */;
			buildPhases = (
				2E8913CF2E5FB38100286108 /* Sources */,
				2E8913D02E5FB38100286108 /* Frameworks */,
				2E8913D12E5FB38100286108 /* Resources */,
			);
			buildRules = (
			);
			dependencies = (
			);
			name = BondStock;
			packageProductDependencies = (
			);
			productName = BondStock;
			productReference = 2E8913D32E5FB38100286108 /* BondStock.app */;
			productType = "com.apple.product-type.application";
		};
/* End PBXNativeTarget section */

/* Begin PBXProject section */
		2E8913CB2E5FB38100286108 /* Project object */ = {
			isa = PBXProject;
			attributes = {
				BuildIndependentTargetsInParallel = 1;
				LastSwiftUpdateCheck = 1610;
				LastUpgradeCheck = 1610;
				TargetAttributes = {
					2E8913D22E5FB38100286108 = {
						CreatedOnToolsVersion = 16.1;
					};
				};
			};
			buildConfigurationList = 2E8913CE2E5FB38100286108 /* Build configuration list for PBXProject "BondStock" */;
			developmentRegion = en;
			hasScannedForEncodings = 0;
			knownRegions = (
				en,
				Base,
			);
			mainGroup = 2E8913CA2E5FB38100286108;
			minimizedProjectReferenceProxies = 1;
			preferredProjectObjectVersion = 77;
			productRefGroup = 2E8913D42E5FB38100286108 /* Products */;
			projectDirPath = "";
			projectRoot = "";
			targets = (
				2E8913D22E5FB38100286108 /* BondStock */,
			);
		};
/* End PBXProject section */

/* Begin PBXResourcesBuildPhase section */
		2E8913D12E5FB38100286108 /* Resources */ = {
			isa = PBXResourcesBuildPhase;
			buildActionMask = 2147483647;
			files = (
				2E8914062E5FC70D00286108 /* Preview Assets.xcassets in Resources */,
				2E8914072E5FC70D00286108 /* Assets.xcassets in Resources */,
			);
			runOnlyForDeploymentPostprocessing = 0;
		};
/* End PBXResourcesBuildPhase section */

/* Begin PBXSourcesBuildPhase section */
		2E8913CF2E5FB38100286108 /* Sources */ = {
			isa = PBXSourcesBuildPhase;
			buildActionMask = 2147483647;
			files = (
				2E8913FE2E5FC70D00286108 /* StockDetailView.swift in Sources */,
				2E89140B2E5FEA1700286108 /* TickerInputView.swift in Sources */,
				2E8913FF2E5FC70D00286108 /* StockListView.swift in Sources */,
				2E8914092E5FDE6800286108 /* TopTabBarView.swift in Sources */,
				2E8914002E5FC70D00286108 /* StockRowView.swift in Sources */,
				2E8914012E5FC70D00286108 /* BondStockApp.swift in Sources */,
				2E8914022E5FC70D00286108 /* ContentView.swift in Sources */,
				2E8914032E5FC70D00286108 /* FakeStockAPI.swift in Sources */,
				2E8914042E5FC70D00286108 /* Stock.swift in Sources */,
				2E89142C2E60057000286108 /* Extensions.swift in Sources */,
				2E8914052E5FC70D00286108 /* AppViewModel.swift in Sources */,
			);
			runOnlyForDeploymentPostprocessing = 0;
		};
/* End PBXSourcesBuildPhase section */

/* Begin XCBuildConfiguration section */
		2E8913DF2E5FB38200286108 /* Debug */ = {
			isa = XCBuildConfiguration;
			buildSettings = {
				ALWAYS_SEARCH_USER_PATHS = NO;
				ASSETCATALOG_COMPILER_GENERATE_SWIFT_ASSET_SYMBOL_EXTENSIONS = YES;
				CLANG_ANALYZER_NONNULL = YES;
				CLANG_ANALYZER_NUMBER_OBJECT_CONVERSION = YES_AGGRESSIVE;
				CLANG_CXX_LANGUAGE_STANDARD = "gnu++20";
				CLANG_ENABLE_MODULES = YES;
				CLANG_ENABLE_OBJC_ARC = YES;
				CLANG_ENABLE_OBJC_WEAK = YES;
				CLANG_WARN_BLOCK_CAPTURE_AUTORELEASING = YES;
				CLANG_WARN_BOOL_CONVERSION = YES;
				CLANG_WARN_COMMA = YES;
				CLANG_WARN_CONSTANT_CONVERSION = YES;
				CLANG_WARN_DEPRECATED_OBJC_IMPLEMENTATIONS = YES;
				CLANG_WARN_DIRECT_OBJC_ISA_USAGE = YES_ERROR;
				CLANG_WARN_DOCUMENTATION_COMMENTS = YES;
				CLANG_WARN_EMPTY_BODY = YES;
				CLANG_WARN_ENUM_CONVERSION = YES;
				CLANG_WARN_INFINITE_RECURSION = YES;
				CLANG_WARN_INT_CONVERSION = YES;
				CLANG_WARN_NON_LITERAL_NULL_CONVERSION = YES;
				CLANG_WARN_OBJC_IMPLICIT_RETAIN_SELF = YES;
				CLANG_WARN_OBJC_LITERAL_CONVERSION = YES;
				CLANG_WARN_OBJC_ROOT_CLASS = YES_ERROR;
				CLANG_WARN_QUOTED_INCLUDE_IN_FRAMEWORK_HEADER = YES;
				CLANG_WARN_RANGE_LOOP_ANALYSIS = YES;
				CLANG_WARN_STRICT_PROTOTYPES = YES;
				CLANG_WARN_SUSPICIOUS_MOVE = YES;
				CLANG_WARN_UNGUARDED_AVAILABILITY = YES_AGGRESSIVE;
				CLANG_WARN_UNREACHABLE_CODE = YES;
				CLANG_WARN__DUPLICATE_METHOD_MATCH = YES;
				COPY_PHASE_STRIP = NO;
				DEBUG_INFORMATION_FORMAT = dwarf;
				ENABLE_STRICT_OBJC_MSGSEND = YES;
				ENABLE_TESTABILITY = YES;
				ENABLE_USER_SCRIPT_SANDBOXING = YES;
				GCC_C_LANGUAGE_STANDARD = gnu17;
				GCC_DYNAMIC_NO_PIC = NO;
				GCC_NO_COMMON_BLOCKS = YES;
				GCC_OPTIMIZATION_LEVEL = 0;
				GCC_PREPROCESSOR_DEFINITIONS = (
					"DEBUG=1",
					"$(inherited)",
				);
				GCC_WARN_64_TO_32_BIT_CONVERSION = YES;
				GCC_WARN_ABOUT_RETURN_TYPE = YES_ERROR;
				GCC_WARN_UNDECLARED_SELECTOR = YES;
				GCC_WARN_UNINITIALIZED_AUTOS = YES_AGGRESSIVE;
				GCC_WARN_UNUSED_FUNCTION = YES;
				GCC_WARN_UNUSED_VARIABLE = YES;
				IPHONEOS_DEPLOYMENT_TARGET = 18.1;
				LOCALIZATION_PREFERS_STRING_CATALOGS = YES;
				MTL_ENABLE_DEBUG_INFO = INCLUDE_SOURCE;
				MTL_FAST_MATH = YES;
				ONLY_ACTIVE_ARCH = YES;
				SDKROOT = iphoneos;
				SWIFT_ACTIVE_COMPILATION_CONDITIONS = "DEBUG $(inherited)";
				SWIFT_OPTIMIZATION_LEVEL = "-Onone";
			};
			name = Debug;
		};
		2E8913E02E5FB38200286108 /* Release */ = {
			isa = XCBuildConfiguration;
			buildSettings = {
				ALWAYS_SEARCH_USER_PATHS = NO;
				ASSETCATALOG_COMPILER_GENERATE_SWIFT_ASSET_SYMBOL_EXTENSIONS = YES;
				CLANG_ANALYZER_NONNULL = YES;
				CLANG_ANALYZER_NUMBER_OBJECT_CONVERSION = YES_AGGRESSIVE;
				CLANG_CXX_LANGUAGE_STANDARD = "gnu++20";
				CLANG_ENABLE_MODULES = YES;
				CLANG_ENABLE_OBJC_ARC = YES;
				CLANG_ENABLE_OBJC_WEAK = YES;
				CLANG_WARN_BLOCK_CAPTURE_AUTORELEASING = YES;
				CLANG_WARN_BOOL_CONVERSION = YES;
				CLANG_WARN_COMMA = YES;
				CLANG_WARN_CONSTANT_CONVERSION = YES;
				CLANG_WARN_DEPRECATED_OBJC_IMPLEMENTATIONS = YES;
				CLANG_WARN_DIRECT_OBJC_ISA_USAGE = YES_ERROR;
				CLANG_WARN_DOCUMENTATION_COMMENTS = YES;
				CLANG_WARN_EMPTY_BODY = YES;
				CLANG_WARN_ENUM_CONVERSION = YES;
				CLANG_WARN_INFINITE_RECURSION = YES;
				CLANG_WARN_INT_CONVERSION = YES;
				CLANG_WARN_NON_LITERAL_NULL_CONVERSION = YES;
				CLANG_WARN_OBJC_IMPLICIT_RETAIN_SELF = YES;
				CLANG_WARN_OBJC_LITERAL_CONVERSION = YES;
				CLANG_WARN_OBJC_ROOT_CLASS = YES_ERROR;
				CLANG_WARN_QUOTED_INCLUDE_IN_FRAMEWORK_HEADER = YES;
				CLANG_WARN_RANGE_LOOP_ANALYSIS = YES;
				CLANG_WARN_STRICT_PROTOTYPES = YES;
				CLANG_WARN_SUSPICIOUS_MOVE = YES;
				CLANG_WARN_UNGUARDED_AVAILABILITY = YES_AGGRESSIVE;
				CLANG_WARN_UNREACHABLE_CODE = YES;
				CLANG_WARN__DUPLICATE_METHOD_MATCH = YES;
				COPY_PHASE_STRIP = NO;
				DEBUG_INFORMATION_FORMAT = "dwarf-with-dsym";
				ENABLE_NS_ASSERTIONS = NO;
				ENABLE_STRICT_OBJC_MSGSEND = YES;
				ENABLE_USER_SCRIPT_SANDBOXING = YES;
				GCC_C_LANGUAGE_STANDARD = gnu17;
				GCC_NO_COMMON_BLOCKS = YES;
				GCC_WARN_64_TO_32_BIT_CONVERSION = YES;
				GCC_WARN_ABOUT_RETURN_TYPE = YES_ERROR;
				GCC_WARN_UNDECLARED_SELECTOR = YES;
				GCC_WARN_UNINITIALIZED_AUTOS = YES_AGGRESSIVE;
				GCC_WARN_UNUSED_FUNCTION = YES;
				GCC_WARN_UNUSED_VARIABLE = YES;
				IPHONEOS_DEPLOYMENT_TARGET = 18.1;
				LOCALIZATION_PREFERS_STRING_CATALOGS = YES;
				MTL_ENABLE_DEBUG_INFO = NO;
				MTL_FAST_MATH = YES;
				SDKROOT = iphoneos;
				SWIFT_COMPILATION_MODE = wholemodule;
				VALIDATE_PRODUCT = YES;
			};
			name = Release;
		};
		2E8913E22E5FB38200286108 /* Debug */ = {
			isa = XCBuildConfiguration;
			buildSettings = {
				ASSETCATALOG_COMPILER_APPICON_NAME = AppIcon;
				ASSETCATALOG_COMPILER_GLOBAL_ACCENT_COLOR_NAME = AccentColor;
				CODE_SIGN_STYLE = Automatic;
				CURRENT_PROJECT_VERSION = 1;
				DEVELOPMENT_ASSET_PATHS = "\"BondStock/Preview Content\"";
				DEVELOPMENT_TEAM = PJS7SCQS28;
				ENABLE_PREVIEWS = YES;
				GENERATE_INFOPLIST_FILE = YES;
				INFOPLIST_KEY_UIApplicationSceneManifest_Generation = YES;
				INFOPLIST_KEY_UIApplicationSupportsIndirectInputEvents = YES;
				INFOPLIST_KEY_UILaunchScreen_Generation = YES;
				INFOPLIST_KEY_UISupportedInterfaceOrientations_iPad = "UIInterfaceOrientationPortrait UIInterfaceOrientationPortraitUpsideDown UIInterfaceOrientationLandscapeLeft UIInterfaceOrientationLandscapeRight";
				INFOPLIST_KEY_UISupportedInterfaceOrientations_iPhone = "UIInterfaceOrientationPortrait UIInterfaceOrientationLandscapeLeft UIInterfaceOrientationLandscapeRight";
				LD_RUNPATH_SEARCH_PATHS = (
					"$(inherited)",
					"@executable_path/Frameworks",
				);
				MARKETING_VERSION = 1.0;
				PRODUCT_BUNDLE_IDENTIFIER = com.baeuke.BondStock;
				PRODUCT_NAME = "$(TARGET_NAME)";
				SWIFT_EMIT_LOC_STRINGS = YES;
				SWIFT_VERSION = 5.0;
				TARGETED_DEVICE_FAMILY = "1,2";
			};
			name = Debug;
		};
		2E8913E32E5FB38200286108 /* Release */ = {
			isa = XCBuildConfiguration;
			buildSettings = {
				ASSETCATALOG_COMPILER_APPICON_NAME = AppIcon;
				ASSETCATALOG_COMPILER_GLOBAL_ACCENT_COLOR_NAME = AccentColor;
				CODE_SIGN_STYLE = Automatic;
				CURRENT_PROJECT_VERSION = 1;
				DEVELOPMENT_ASSET_PATHS = "\"BondStock/Preview Content\"";
				DEVELOPMENT_TEAM = PJS7SCQS28;
				ENABLE_PREVIEWS = YES;
				GENERATE_INFOPLIST_FILE = YES;
				INFOPLIST_KEY_UIApplicationSceneManifest_Generation = YES;
				INFOPLIST_KEY_UIApplicationSupportsIndirectInputEvents = YES;
				INFOPLIST_KEY_UILaunchScreen_Generation = YES;
				INFOPLIST_KEY_UISupportedInterfaceOrientations_iPad = "UIInterfaceOrientationPortrait UIInterfaceOrientationPortraitUpsideDown UIInterfaceOrientationLandscapeLeft UIInterfaceOrientationLandscapeRight";
				INFOPLIST_KEY_UISupportedInterfaceOrientations_iPhone = "UIInterfaceOrientationPortrait UIInterfaceOrientationLandscapeLeft UIInterfaceOrientationLandscapeRight";
				LD_RUNPATH_SEARCH_PATHS = (
					"$(inherited)",
					"@executable_path/Frameworks",
				);
				MARKETING_VERSION = 1.0;
				PRODUCT_BUNDLE_IDENTIFIER = com.baeuke.BondStock;
				PRODUCT_NAME = "$(TARGET_NAME)";
				SWIFT_EMIT_LOC_STRINGS = YES;
				SWIFT_VERSION = 5.0;
				TARGETED_DEVICE_FAMILY = "1,2";
			};
			name = Release;
		};
/* End XCBuildConfiguration section */

/* Begin XCConfigurationList section */
		2E8913CE2E5FB38100286108 /* Build configuration list for PBXProject "BondStock" */ = {
			isa = XCConfigurationList;
			buildConfigurations = (
				2E8913DF2E5FB38200286108 /* Debug */,
				2E8913E02E5FB38200286108 /* Release */,
			);
			defaultConfigurationIsVisible = 0;
			defaultConfigurationName = Release;
		};
		2E8913E12E5FB38200286108 /* Build configuration list for PBXNativeTarget "BondStock" */ = {
			isa = XCConfigurationList;
			buildConfigurations = (
				2E8913E22E5FB38200286108 /* Debug */,
				2E8913E32E5FB38200286108 /* Release */,
			);
			defaultConfigurationIsVisible = 0;
			defaultConfigurationName = Release;
		};
/* End XCConfigurationList section */
	};
	rootObject = 2E8913CB2E5FB38100286108 /* Project object */;
}
